
Microsoft Visual Studio Solution File, Format Version 12.00
# Visual Studio Version 17
VisualStudioVersion = 17.8.34309.116
MinimumVisualStudioVersion = 10.0.40219.1
Project("{FAE04EC0-301F-11D3-BF4B-00C04F79EFBC}") = "OTPAppWebAPI", "OTPAppWebAPI\OTPAppWebAPI.csproj", "{8B8A24E6-73FF-45F5-8943-D21E50C9435A}"
EndProject
Project("{2150E333-8FDC-42A3-9474-1A3956D46DE8}") = "Common", "Common", "{56B26D47-9E60-4675-B20B-E6DDD142ECDB}"
EndProject
Project("{2150E333-8FDC-42A3-9474-1A3956D46DE8}") = "OTPApp", "OTPApp", "{A9226DEF-CDDA-4A05-AE82-6643BA586B98}"
EndProject
Project("{FAE04EC0-301F-11D3-BF4B-00C04F79EFBC}") = "Common.DTO", "Common.DTO\Common.DTO.csproj", "{C0AF57FD-50C7-45CC-8E44-CA63702B96E0}"
EndProject
Project("{FAE04EC0-301F-11D3-BF4B-00C04F79EFBC}") = "Common.Entities", "Common.Entities\Common.Entities.csproj", "{C9570AA8-6A5C-435B-AC7D-63B0AA02D14E}"
EndProject
Project("{FAE04EC0-301F-11D3-BF4B-00C04F79EFBC}") = "OTPApp.Constants", "OTPApp.Constants\OTPApp.Constants.csproj", "{6180283E-E78E-4183-B2F7-2A327CA2EDF4}"
EndProject
Project("{FAE04EC0-301F-11D3-BF4B-00C04F79EFBC}") = "OTPApp.DataEFCore", "OTPApp.DataEFCore\OTPApp.DataEFCore.csproj", "{1813EA68-4DA2-4433-BA14-DD3214994504}"
EndProject
Project("{FAE04EC0-301F-11D3-BF4B-00C04F79EFBC}") = "OTPApp.DTO", "OTPApp.DTO\OTPApp.DTO.csproj", "{04A18E64-4B0B-4E88-AE32-9ADA4939E5E2}"
EndProject
Project("{FAE04EC0-301F-11D3-BF4B-00C04F79EFBC}") = "OTPApp.Entities", "OTPApp.Entities\OTPApp.Entities.csproj", "{F2C1DD2E-1CE9-4334-98E2-44BD1C7D949E}"
EndProject
Project("{FAE04EC0-301F-11D3-BF4B-00C04F79EFBC}") = "OTPApp.Infrastructure", "OTPApp.Infrastructure\OTPApp.Infrastructure.csproj", "{F9389236-CB81-41F3-ABDE-C820DCAFCC1D}"
EndProject
Project("{FAE04EC0-301F-11D3-BF4B-00C04F79EFBC}") = "OTPApp.Services", "OTPApp.Services\OTPApp.Services.csproj", "{AF1264A3-1DCA-4FAE-AE95-A9B5C7C5E6C2}"
EndProject
Project("{FAE04EC0-301F-11D3-BF4B-00C04F79EFBC}") = "Common.Infrastructure", "Common.Infrastructure\Common.Infrastructure.csproj", "{AF5BA462-0838-4BB7-A9D9-FE57C6F70A4A}"
EndProject
Global
	GlobalSection(SolutionConfigurationPlatforms) = preSolution
		Debug|Any CPU = Debug|Any CPU
		Release|Any CPU = Release|Any CPU
	EndGlobalSection
	GlobalSection(ProjectConfigurationPlatforms) = postSolution
		{8B8A24E6-73FF-45F5-8943-D21E50C9435A}.Debug|Any CPU.ActiveCfg = Debug|Any CPU
		{8B8A24E6-73FF-45F5-8943-D21E50C9435A}.Debug|Any CPU.Build.0 = Debug|Any CPU
		{8B8A24E6-73FF-45F5-8943-D21E50C9435A}.Release|Any CPU.ActiveCfg = Release|Any CPU
		{8B8A24E6-73FF-45F5-8943-D21E50C9435A}.Release|Any CPU.Build.0 = Release|Any CPU
		{C0AF57FD-50C7-45CC-8E44-CA63702B96E0}.Debug|Any CPU.ActiveCfg = Debug|Any CPU
		{C0AF57FD-50C7-45CC-8E44-CA63702B96E0}.Debug|Any CPU.Build.0 = Debug|Any CPU
		{C0AF57FD-50C7-45CC-8E44-CA63702B96E0}.Release|Any CPU.ActiveCfg = Release|Any CPU
		{C0AF57FD-50C7-45CC-8E44-CA63702B96E0}.Release|Any CPU.Build.0 = Release|Any CPU
		{C9570AA8-6A5C-435B-AC7D-63B0AA02D14E}.Debug|Any CPU.ActiveCfg = Debug|Any CPU
		{C9570AA8-6A5C-435B-AC7D-63B0AA02D14E}.Debug|Any CPU.Build.0 = Debug|Any CPU
		{C9570AA8-6A5C-435B-AC7D-63B0AA02D14E}.Release|Any CPU.ActiveCfg = Release|Any CPU
		{C9570AA8-6A5C-435B-AC7D-63B0AA02D14E}.Release|Any CPU.Build.0 = Release|Any CPU
		{6180283E-E78E-4183-B2F7-2A327CA2EDF4}.Debug|Any CPU.ActiveCfg = Debug|Any CPU
		{6180283E-E78E-4183-B2F7-2A327CA2EDF4}.Debug|Any CPU.Build.0 = Debug|Any CPU
		{6180283E-E78E-4183-B2F7-2A327CA2EDF4}.Release|Any CPU.ActiveCfg = Release|Any CPU
		{6180283E-E78E-4183-B2F7-2A327CA2EDF4}.Release|Any CPU.Build.0 = Release|Any CPU
		{1813EA68-4DA2-4433-BA14-DD3214994504}.Debug|Any CPU.ActiveCfg = Debug|Any CPU
		{1813EA68-4DA2-4433-BA14-DD3214994504}.Debug|Any CPU.Build.0 = Debug|Any CPU
		{1813EA68-4DA2-4433-BA14-DD3214994504}.Release|Any CPU.ActiveCfg = Release|Any CPU
		{1813EA68-4DA2-4433-BA14-DD3214994504}.Release|Any CPU.Build.0 = Release|Any CPU
		{04A18E64-4B0B-4E88-AE32-9ADA4939E5E2}.Debug|Any CPU.ActiveCfg = Debug|Any CPU
		{04A18E64-4B0B-4E88-AE32-9ADA4939E5E2}.Debug|Any CPU.Build.0 = Debug|Any CPU
		{04A18E64-4B0B-4E88-AE32-9ADA4939E5E2}.Release|Any CPU.ActiveCfg = Release|Any CPU
		{04A18E64-4B0B-4E88-AE32-9ADA4939E5E2}.Release|Any CPU.Build.0 = Release|Any CPU
		{F2C1DD2E-1CE9-4334-98E2-44BD1C7D949E}.Debug|Any CPU.ActiveCfg = Debug|Any CPU
		{F2C1DD2E-1CE9-4334-98E2-44BD1C7D949E}.Debug|Any CPU.Build.0 = Debug|Any CPU
		{F2C1DD2E-1CE9-4334-98E2-44BD1C7D949E}.Release|Any CPU.ActiveCfg = Release|Any CPU
		{F2C1DD2E-1CE9-4334-98E2-44BD1C7D949E}.Release|Any CPU.Build.0 = Release|Any CPU
		{F9389236-CB81-41F3-ABDE-C820DCAFCC1D}.Debug|Any CPU.ActiveCfg = Debug|Any CPU
		{F9389236-CB81-41F3-ABDE-C820DCAFCC1D}.Debug|Any CPU.Build.0 = Debug|Any CPU
		{F9389236-CB81-41F3-ABDE-C820DCAFCC1D}.Release|Any CPU.ActiveCfg = Release|Any CPU
		{F9389236-CB81-41F3-ABDE-C820DCAFCC1D}.Release|Any CPU.Build.0 = Release|Any CPU
		{AF1264A3-1DCA-4FAE-AE95-A9B5C7C5E6C2}.Debug|Any CPU.ActiveCfg = Debug|Any CPU
		{AF1264A3-1DCA-4FAE-AE95-A9B5C7C5E6C2}.Debug|Any CPU.Build.0 = Debug|Any CPU
		{AF1264A3-1DCA-4FAE-AE95-A9B5C7C5E6C2}.Release|Any CPU.ActiveCfg = Release|Any CPU
		{AF1264A3-1DCA-4FAE-AE95-A9B5C7C5E6C2}.Release|Any CPU.Build.0 = Release|Any CPU
		{AF5BA462-0838-4BB7-A9D9-FE57C6F70A4A}.Debug|Any CPU.ActiveCfg = Debug|Any CPU
		{AF5BA462-0838-4BB7-A9D9-FE57C6F70A4A}.Debug|Any CPU.Build.0 = Debug|Any CPU
		{AF5BA462-0838-4BB7-A9D9-FE57C6F70A4A}.Release|Any CPU.ActiveCfg = Release|Any CPU
		{AF5BA462-0838-4BB7-A9D9-FE57C6F70A4A}.Release|Any CPU.Build.0 = Release|Any CPU
	EndGlobalSection
	GlobalSection(SolutionProperties) = preSolution
		HideSolutionNode = FALSE
	EndGlobalSection
	GlobalSection(NestedProjects) = preSolution
		{8B8A24E6-73FF-45F5-8943-D21E50C9435A} = {A9226DEF-CDDA-4A05-AE82-6643BA586B98}
		{C0AF57FD-50C7-45CC-8E44-CA63702B96E0} = {56B26D47-9E60-4675-B20B-E6DDD142ECDB}
		{C9570AA8-6A5C-435B-AC7D-63B0AA02D14E} = {56B26D47-9E60-4675-B20B-E6DDD142ECDB}
		{6180283E-E78E-4183-B2F7-2A327CA2EDF4} = {A9226DEF-CDDA-4A05-AE82-6643BA586B98}
		{1813EA68-4DA2-4433-BA14-DD3214994504} = {A9226DEF-CDDA-4A05-AE82-6643BA586B98}
		{04A18E64-4B0B-4E88-AE32-9ADA4939E5E2} = {A9226DEF-CDDA-4A05-AE82-6643BA586B98}
		{F2C1DD2E-1CE9-4334-98E2-44BD1C7D949E} = {A9226DEF-CDDA-4A05-AE82-6643BA586B98}
		{F9389236-CB81-41F3-ABDE-C820DCAFCC1D} = {A9226DEF-CDDA-4A05-AE82-6643BA586B98}
		{AF1264A3-1DCA-4FAE-AE95-A9B5C7C5E6C2} = {A9226DEF-CDDA-4A05-AE82-6643BA586B98}
		{AF5BA462-0838-4BB7-A9D9-FE57C6F70A4A} = {56B26D47-9E60-4675-B20B-E6DDD142ECDB}
	EndGlobalSection
	GlobalSection(ExtensibilityGlobals) = postSolution
		SolutionGuid = {86DD6135-3952-406D-A14C-F55221F2CFD4}
	EndGlobalSection
EndGlobal
